{
  "name": "@internal/plugin-argocd-autopilot",
  "version": "0.1.0",
  "lockfileVersion": 1,
  "requires": true,
  "dependencies": {
    "mui": {
      "version": "0.0.1",
      "resolved": "https://registry.npmjs.org/mui/-/mui-0.0.1.tgz",
      "integrity": "sha512-iB9zfxsJBcMkZ/SY6X+HGSPr4fftCZIQ76ZMH8iSMfVkidVzRtZlLW2gbWXUe+IMcj8JLv1p+dGKvPVlgtiocA=="
    }
  }
}
